{
    "_readme": [
        "This file locks the dependencies of your project to a known state",
        "Read more about it at https://getcomposer.org/doc/01-basic-usage.md#installing-dependencies",
        "This file is @generated automatically"
    ],
    "content-hash": "9c951ee43a27bcff095d0bef2e408d8c",
    "packages": [],
    "packages-dev": [
        {
            "name": "hiqdev/composer-config-plugin",
            "version": "dev-master",
            "source": {
                "type": "git",
                "url": "https://github.com/hiqdev/composer-config-plugin.git",
                "reference": "bf494301da8bb91ca98883b6fd140a211deacc33"
            },
            "dist": {
                "type": "zip",
                "url": "https://api.github.com/repos/hiqdev/composer-config-plugin/zipball/bf494301da8bb91ca98883b6fd140a211deacc33",
                "reference": "bf494301da8bb91ca98883b6fd140a211deacc33",
                "shasum": ""
            },
            "require": {
                "composer-plugin-api": "^1.0",
                "php": ">=7.0.0"
            },
            "require-dev": {
                "composer/composer": "~1.0@dev"
            },
            "suggest": {
                "symfony/yaml": "^2.0 || ^3.0 || ^4.0 for YAML files support",
                "vlucas/phpdotenv": "^2.0 for `.env` files support"
            },
            "type": "composer-plugin",
            "extra": {
                "class": "hiqdev\\composer\\config\\Plugin",
                "branch-alias": {
                    "dev-master": "1.0.x-dev"
                }
            },
            "autoload": {
                "psr-4": {
                    "hiqdev\\composer\\config\\": "src"
                }
            },
            "notification-url": "https://packagist.org/downloads/",
            "license": [
                "BSD-3-Clause"
            ],
            "authors": [
                {
                    "name": "Andrii Vasyliev",
                    "email": "sol@hiqdev.com",
                    "homepage": "http://hipanel.com/",
                    "role": "Project lead"
                },
                {
                    "name": "Dmitry Naumenko",
                    "email": "d.naumenko.a@gmail.com",
                    "homepage": "http://silverfire.me/",
                    "role": "Lead backend developer"
                },
                {
                    "name": "Andrey Klochok",
                    "email": "andreyklochok@gmail.com",
                    "homepage": "http://hiqdev.com/",
                    "role": "Lead frontend developer"
                },
                {
                    "name": "Yuriy Myronchuk",
                    "email": "bladeroot@gmail.com",
                    "homepage": "http://hiqdev.com/",
                    "role": "QA Lead"
                }
            ],
            "description": "Composer plugin for config assembling",
            "homepage": "https://github.com/hiqdev/composer-config-plugin",
            "keywords": [
                "assembling",
                "composer",
                "config",
                "plugin"
            ],
            "time": "2018-10-08T07:09:48+00:00"
        },
        {
            "name": "psr/container",
            "version": "1.0.0",
            "source": {
                "type": "git",
                "url": "https://github.com/php-fig/container.git",
                "reference": "b7ce3b176482dbbc1245ebf52b181af44c2cf55f"
            },
            "dist": {
                "type": "zip",
                "url": "https://api.github.com/repos/php-fig/container/zipball/b7ce3b176482dbbc1245ebf52b181af44c2cf55f",
                "reference": "b7ce3b176482dbbc1245ebf52b181af44c2cf55f",
                "shasum": ""
            },
            "require": {
                "php": ">=5.3.0"
            },
            "type": "library",
            "extra": {
                "branch-alias": {
                    "dev-master": "1.0.x-dev"
                }
            },
            "autoload": {
                "psr-4": {
                    "Psr\\Container\\": "src/"
                }
            },
            "notification-url": "https://packagist.org/downloads/",
            "license": [
                "MIT"
            ],
            "authors": [
                {
                    "name": "PHP-FIG",
                    "homepage": "http://www.php-fig.org/"
                }
            ],
            "description": "Common Container Interface (PHP FIG PSR-11)",
            "homepage": "https://github.com/php-fig/container",
            "keywords": [
                "PSR-11",
                "container",
                "container-interface",
                "container-interop",
                "psr"
            ],
            "time": "2017-02-14T16:28:37+00:00"
        },
        {
            "name": "psr/http-message",
            "version": "1.0.1",
            "source": {
                "type": "git",
                "url": "https://github.com/php-fig/http-message.git",
                "reference": "f6561bf28d520154e4b0ec72be95418abe6d9363"
            },
            "dist": {
                "type": "zip",
                "url": "https://api.github.com/repos/php-fig/http-message/zipball/f6561bf28d520154e4b0ec72be95418abe6d9363",
                "reference": "f6561bf28d520154e4b0ec72be95418abe6d9363",
                "shasum": ""
            },
            "require": {
                "php": ">=5.3.0"
            },
            "type": "library",
            "extra": {
                "branch-alias": {
                    "dev-master": "1.0.x-dev"
                }
            },
            "autoload": {
                "psr-4": {
                    "Psr\\Http\\Message\\": "src/"
                }
            },
            "notification-url": "https://packagist.org/downloads/",
            "license": [
                "MIT"
            ],
            "authors": [
                {
                    "name": "PHP-FIG",
                    "homepage": "http://www.php-fig.org/"
                }
            ],
            "description": "Common interface for HTTP messages",
            "homepage": "https://github.com/php-fig/http-message",
            "keywords": [
                "http",
                "http-message",
                "psr",
                "psr-7",
                "request",
                "response"
            ],
            "time": "2016-08-06T14:39:51+00:00"
        },
        {
            "name": "psr/log",
            "version": "1.0.2",
            "source": {
                "type": "git",
                "url": "https://github.com/php-fig/log.git",
                "reference": "4ebe3a8bf773a19edfe0a84b6585ba3d401b724d"
            },
            "dist": {
                "type": "zip",
                "url": "https://api.github.com/repos/php-fig/log/zipball/4ebe3a8bf773a19edfe0a84b6585ba3d401b724d",
                "reference": "4ebe3a8bf773a19edfe0a84b6585ba3d401b724d",
                "shasum": ""
            },
            "require": {
                "php": ">=5.3.0"
            },
            "type": "library",
            "extra": {
                "branch-alias": {
                    "dev-master": "1.0.x-dev"
                }
            },
            "autoload": {
                "psr-4": {
                    "Psr\\Log\\": "Psr/Log/"
                }
            },
            "notification-url": "https://packagist.org/downloads/",
            "license": [
                "MIT"
            ],
            "authors": [
                {
                    "name": "PHP-FIG",
                    "homepage": "http://www.php-fig.org/"
                }
            ],
            "description": "Common interface for logging libraries",
            "homepage": "https://github.com/php-fig/log",
            "keywords": [
                "log",
                "psr",
                "psr-3"
            ],
            "time": "2016-10-10T12:19:37+00:00"
        },
        {
            "name": "psr/simple-cache",
            "version": "1.0.1",
            "source": {
                "type": "git",
                "url": "https://github.com/php-fig/simple-cache.git",
                "reference": "408d5eafb83c57f6365a3ca330ff23aa4a5fa39b"
            },
            "dist": {
                "type": "zip",
                "url": "https://api.github.com/repos/php-fig/simple-cache/zipball/408d5eafb83c57f6365a3ca330ff23aa4a5fa39b",
                "reference": "408d5eafb83c57f6365a3ca330ff23aa4a5fa39b",
                "shasum": ""
            },
            "require": {
                "php": ">=5.3.0"
            },
            "type": "library",
            "extra": {
                "branch-alias": {
                    "dev-master": "1.0.x-dev"
                }
            },
            "autoload": {
                "psr-4": {
                    "Psr\\SimpleCache\\": "src/"
                }
            },
            "notification-url": "https://packagist.org/downloads/",
            "license": [
                "MIT"
            ],
            "authors": [
                {
                    "name": "PHP-FIG",
                    "homepage": "http://www.php-fig.org/"
                }
            ],
            "description": "Common interfaces for simple caching",
            "keywords": [
                "cache",
                "caching",
                "psr",
                "psr-16",
                "simple-cache"
            ],
            "time": "2017-10-23T01:57:42+00:00"
        },
        {
            "name": "yiisoft/active-record",
            "version": "dev-master",
            "source": {
                "type": "git",
                "url": "https://github.com/yiisoft/active-record.git",
                "reference": "8200ac5a3acc3b20f3032ecd39b9d00b3aa34b88"
            },
            "dist": {
                "type": "zip",
                "url": "https://api.github.com/repos/yiisoft/active-record/zipball/8200ac5a3acc3b20f3032ecd39b9d00b3aa34b88",
                "reference": "8200ac5a3acc3b20f3032ecd39b9d00b3aa34b88",
                "shasum": ""
            },
            "require": {
                "yiisoft/db": "^3.0@dev"
            },
            "require-dev": {
                "hiqdev/composer-config-plugin": "^1.0@dev",
                "yiisoft/cache": "^3.0@dev",
                "yiisoft/di": "^3.0@dev",
                "yiisoft/log": "^3.0@dev",
                "yiisoft/view": "^3.0@dev",
                "yiisoft/yii-core": "^3.0@dev",
                "yiisoft/yii-web": "^3.0@dev"
            },
            "type": "library",
            "extra": {
                "branch-alias": {
                    "dev-master": "3.0.x-dev"
                },
                "config-plugin": {
                    "params": "config/params.php",
                    "common": "config/common.php",
                    "tests": [
                        "$common"
                    ]
                }
            },
            "autoload": {
                "psr-4": {
                    "yii\\activerecord\\": "src",
                    "yii\\activerecord\\tests\\": "tests"
                }
            },
            "notification-url": "https://packagist.org/downloads/",
            "license": [
                "BSD-3-Clause"
            ],
            "authors": [
                {
                    "name": "Qiang Xue",
                    "email": "qiang.xue@gmail.com",
                    "homepage": "http://www.yiiframework.com/",
                    "role": "Founder and project lead"
                },
                {
                    "name": "Alexander Makarov",
                    "email": "sam@rmcreative.ru",
                    "homepage": "http://rmcreative.ru/",
                    "role": "Core framework development"
                },
                {
                    "name": "Maurizio Domba",
                    "homepage": "http://mdomba.info/",
                    "role": "Core framework development"
                },
                {
                    "name": "Carsten Brandt",
                    "email": "mail@cebe.cc",
                    "homepage": "http://cebe.cc/",
                    "role": "Core framework development"
                },
                {
                    "name": "Timur Ruziev",
                    "email": "resurtm@gmail.com",
                    "homepage": "http://resurtm.com/",
                    "role": "Core framework development"
                },
                {
                    "name": "Paul Klimov",
                    "email": "klimov.paul@gmail.com",
                    "role": "Core framework development"
                },
                {
                    "name": "Dmitry Naumenko",
                    "email": "d.naumenko.a@gmail.com",
                    "role": "Core framework development"
                },
                {
                    "name": "Boudewijn Vahrmeijer",
                    "email": "info@dynasource.eu",
                    "homepage": "http://dynasource.eu",
                    "role": "Core framework development"
                }
            ],
            "description": "Yii ActiveRecord Library",
            "homepage": "http://www.yiiframework.com/",
            "keywords": [
                "Active Record",
                "yii"
            ],
            "time": "2018-10-19T14:09:30+00:00"
        },
        {
            "name": "yiisoft/cache",
            "version": "dev-master",
            "source": {
                "type": "git",
                "url": "https://github.com/yiisoft/cache.git",
                "reference": "5dd442fb384315a2e0d72bff5979117c4327822a"
            },
            "dist": {
                "type": "zip",
                "url": "https://api.github.com/repos/yiisoft/cache/zipball/5dd442fb384315a2e0d72bff5979117c4327822a",
                "reference": "5dd442fb384315a2e0d72bff5979117c4327822a",
                "shasum": ""
            },
            "require": {
                "psr/simple-cache": "~1.0.0"
            },
            "provide": {
                "psr/simple-cache-implementation": "1.0.0"
            },
            "require-dev": {
                "hiqdev/composer-config-plugin": "^1.0@dev",
                "yiisoft/db": "^3.0@dev",
                "yiisoft/db-sqlite": "^3.0@dev",
                "yiisoft/di": "^3.0@dev",
                "yiisoft/log": "^3.0@dev",
                "yiisoft/view": "^3.0@dev",
                "yiisoft/yii-core": "^3.0@dev",
                "yiisoft/yii-web": "^3.0@dev"
            },
            "type": "library",
            "extra": {
                "branch-alias": {
                    "dev-master": "3.0.x-dev"
                },
                "config-plugin": {
                    "params": "config/params.php",
                    "common": "config/common.php"
                }
            },
            "autoload": {
                "psr-4": {
                    "yii\\cache\\": "src",
                    "yii\\cache\\tests\\": "tests"
                }
            },
            "notification-url": "https://packagist.org/downloads/",
            "license": [
                "BSD-3-Clause"
            ],
            "authors": [
                {
                    "name": "Qiang Xue",
                    "email": "qiang.xue@gmail.com",
                    "homepage": "http://www.yiiframework.com/",
                    "role": "Founder and project lead"
                },
                {
                    "name": "Alexander Makarov",
                    "email": "sam@rmcreative.ru",
                    "homepage": "http://rmcreative.ru/",
                    "role": "Core framework development"
                },
                {
                    "name": "Maurizio Domba",
                    "homepage": "http://mdomba.info/",
                    "role": "Core framework development"
                },
                {
                    "name": "Carsten Brandt",
                    "email": "mail@cebe.cc",
                    "homepage": "http://cebe.cc/",
                    "role": "Core framework development"
                },
                {
                    "name": "Timur Ruziev",
                    "email": "resurtm@gmail.com",
                    "homepage": "http://resurtm.com/",
                    "role": "Core framework development"
                },
                {
                    "name": "Paul Klimov",
                    "email": "klimov.paul@gmail.com",
                    "role": "Core framework development"
                },
                {
                    "name": "Dmitry Naumenko",
                    "email": "d.naumenko.a@gmail.com",
                    "role": "Core framework development"
                },
                {
                    "name": "Boudewijn Vahrmeijer",
                    "email": "info@dynasource.eu",
                    "homepage": "http://dynasource.eu",
                    "role": "Core framework development"
                }
            ],
            "description": "Yii Caching Library",
            "homepage": "http://www.yiiframework.com/",
            "keywords": [
                "cache",
                "yii"
            ],
            "time": "2018-09-28T09:39:10+00:00"
        },
        {
            "name": "yiisoft/db-sqlite",
            "version": "dev-master",
            "source": {
                "type": "git",
                "url": "https://github.com/yiisoft/db-sqlite.git",
                "reference": "e3e1209f5ea7b1dddb02f6677feae9a29797c281"
            },
            "dist": {
                "type": "zip",
                "url": "https://api.github.com/repos/yiisoft/db-sqlite/zipball/e3e1209f5ea7b1dddb02f6677feae9a29797c281",
                "reference": "e3e1209f5ea7b1dddb02f6677feae9a29797c281",
                "shasum": ""
            },
            "require": {
                "yiisoft/db": "^3.0@dev"
            },
            "require-dev": {
                "hiqdev/composer-config-plugin": "^1.0@dev",
                "yiisoft/active-record": "^3.0@dev",
                "yiisoft/cache": "^3.0@dev",
                "yiisoft/di": "^3.0@dev",
                "yiisoft/log": "^3.0@dev",
                "yiisoft/view": "^3.0@dev",
                "yiisoft/yii-console": "^3.0@dev",
                "yiisoft/yii-core": "^3.0@dev",
                "yiisoft/yii-web": "^3.0@dev"
            },
            "type": "library",
            "extra": {
                "branch-alias": {
                    "dev-master": "3.0.x-dev"
                },
                "config-plugin": {
                    "params": "config/params.php",
                    "common": "config/common.php",
                    "tests": [
                        "$common",
                        "config/tests.php"
                    ]
                }
            },
            "autoload": {
                "psr-4": {
                    "yii\\db\\sqlite\\": "src"
                }
            },
            "notification-url": "https://packagist.org/downloads/",
            "license": [
                "BSD-3-Clause"
            ],
            "authors": [
                {
                    "name": "Qiang Xue",
                    "email": "qiang.xue@gmail.com",
                    "homepage": "http://www.yiiframework.com/",
                    "role": "Founder and project lead"
                },
                {
                    "name": "Alexander Makarov",
                    "email": "sam@rmcreative.ru",
                    "homepage": "http://rmcreative.ru/",
                    "role": "Core framework development"
                },
                {
                    "name": "Maurizio Domba",
                    "homepage": "http://mdomba.info/",
                    "role": "Core framework development"
                },
                {
                    "name": "Carsten Brandt",
                    "email": "mail@cebe.cc",
                    "homepage": "http://cebe.cc/",
                    "role": "Core framework development"
                },
                {
                    "name": "Timur Ruziev",
                    "email": "resurtm@gmail.com",
                    "homepage": "http://resurtm.com/",
                    "role": "Core framework development"
                },
                {
                    "name": "Paul Klimov",
                    "email": "klimov.paul@gmail.com",
                    "role": "Core framework development"
                },
                {
                    "name": "Dmitry Naumenko",
                    "email": "d.naumenko.a@gmail.com",
                    "role": "Core framework development"
                },
                {
                    "name": "Boudewijn Vahrmeijer",
                    "email": "info@dynasource.eu",
                    "homepage": "http://dynasource.eu",
                    "role": "Core framework development"
                }
            ],
            "description": "Yii DataBase SQLite Extension",
            "homepage": "http://www.yiiframework.com/",
            "keywords": [
                "sqlite",
                "yii"
            ],
            "time": "2018-10-16T15:02:28+00:00"
        },
        {
            "name": "yiisoft/di",
            "version": "dev-master",
            "source": {
                "type": "git",
                "url": "https://github.com/yiisoft/di.git",
                "reference": "c3e92da3fa059b28091339c741e3542392d22174"
            },
            "dist": {
                "type": "zip",
                "url": "https://api.github.com/repos/yiisoft/di/zipball/c3e92da3fa059b28091339c741e3542392d22174",
                "reference": "c3e92da3fa059b28091339c741e3542392d22174",
                "shasum": ""
            },
            "require": {
                "php": "^7.1.0",
                "psr/container": "1.0.0"
            },
            "provide": {
                "psr/container-implementation": "1.0.0"
            },
            "require-dev": {
                "phpunit/phpunit": "^7.2",
                "squizlabs/php_codesniffer": "^3.2"
            },
            "type": "library",
            "extra": {
                "branch-alias": {
                    "dev-master": "3.0.x-dev"
                }
            },
            "autoload": {
                "psr-4": {
                    "yii\\di\\": "src"
                }
            },
            "notification-url": "https://packagist.org/downloads/",
            "license": [
                "BSD-3-Clause"
            ],
            "authors": [
                {
                    "name": "Alexander Makarov",
                    "email": "sam@rmcreative.ru",
                    "homepage": "http://rmcreative.ru/",
                    "role": "Core framework development"
                }
            ],
            "description": "Yii DI container",
            "homepage": "http://www.yiiframework.com/",
            "keywords": [
                "Autowiring",
                "PSR-11",
                "container",
                "dependency",
                "di",
                "injection",
                "injector"
            ],
            "time": "2018-10-16T10:12:48+00:00"
        },
        {
            "name": "yiisoft/log",
            "version": "dev-master",
            "source": {
                "type": "git",
                "url": "https://github.com/yiisoft/log.git",
                "reference": "0a90d1b85543bbee711a1d0a7c081216054b5926"
            },
            "dist": {
                "type": "zip",
                "url": "https://api.github.com/repos/yiisoft/log/zipball/0a90d1b85543bbee711a1d0a7c081216054b5926",
                "reference": "0a90d1b85543bbee711a1d0a7c081216054b5926",
                "shasum": ""
            },
            "require": {
                "psr/log": "~1.0.2"
            },
            "provide": {
                "psr/log-implementation": "1.0.0"
            },
            "require-dev": {
                "hiqdev/composer-config-plugin": "^1.0@dev",
                "yiisoft/cache": "^3.0@dev",
                "yiisoft/db": "^3.0@dev",
                "yiisoft/di": "^3.0@dev",
                "yiisoft/view": "^3.0@dev",
                "yiisoft/yii-core": "^3.0@dev",
                "yiisoft/yii-web": "^3.0@dev"
            },
            "suggest": {
                "yiisoft/db": "version ^3.0 for saving logs to data base"
            },
            "type": "library",
            "extra": {
                "branch-alias": {
                    "dev-master": "3.0.x-dev"
                },
                "config-plugin": {
                    "params": "config/params.php",
                    "common": "config/common.php"
                }
            },
            "autoload": {
                "psr-4": {
                    "yii\\log\\": "src"
                }
            },
            "notification-url": "https://packagist.org/downloads/",
            "license": [
                "BSD-3-Clause"
            ],
            "authors": [
                {
                    "name": "Qiang Xue",
                    "email": "qiang.xue@gmail.com",
                    "homepage": "http://www.yiiframework.com/",
                    "role": "Founder and project lead"
                },
                {
                    "name": "Alexander Makarov",
                    "email": "sam@rmcreative.ru",
                    "homepage": "http://rmcreative.ru/",
                    "role": "Core framework development"
                },
                {
                    "name": "Maurizio Domba",
                    "homepage": "http://mdomba.info/",
                    "role": "Core framework development"
                },
                {
                    "name": "Carsten Brandt",
                    "email": "mail@cebe.cc",
                    "homepage": "http://cebe.cc/",
                    "role": "Core framework development"
                },
                {
                    "name": "Timur Ruziev",
                    "email": "resurtm@gmail.com",
                    "homepage": "http://resurtm.com/",
                    "role": "Core framework development"
                },
                {
                    "name": "Paul Klimov",
                    "email": "klimov.paul@gmail.com",
                    "role": "Core framework development"
                },
                {
                    "name": "Dmitry Naumenko",
                    "email": "d.naumenko.a@gmail.com",
                    "role": "Core framework development"
                },
                {
                    "name": "Boudewijn Vahrmeijer",
                    "email": "info@dynasource.eu",
                    "homepage": "http://dynasource.eu",
                    "role": "Core framework development"
                }
            ],
            "description": "Yii Logging Library",
            "homepage": "http://www.yiiframework.com/",
            "keywords": [
                "framework",
                "log",
                "logger",
                "yii"
            ],
            "time": "2018-10-14T17:43:25+00:00"
        },
        {
            "name": "yiisoft/view",
            "version": "dev-master",
            "source": {
                "type": "git",
                "url": "https://github.com/yiisoft/view.git",
                "reference": "5eccf5b1a9f31861630a359191d2496318e3bfad"
            },
            "dist": {
                "type": "zip",
                "url": "https://api.github.com/repos/yiisoft/view/zipball/5eccf5b1a9f31861630a359191d2496318e3bfad",
                "reference": "5eccf5b1a9f31861630a359191d2496318e3bfad",
                "shasum": ""
            },
            "require-dev": {
                "friendsofphp/php-cs-fixer": "^2.2",
                "hiqdev/composer-config-plugin": "^1.0@dev",
                "phpunit/phpunit": "^7.3",
                "yiisoft/cache": "^3.0@dev",
                "yiisoft/di": "^3.0@dev",
                "yiisoft/log": "^3.0@dev",
                "yiisoft/yii-core": "^3.0@dev",
                "yiisoft/yii-web": "^3.0@dev"
            },
            "suggest": {
                "yiisoft/yii-core": "^3.0"
            },
            "type": "library",
            "extra": {
                "branch-alias": {
                    "dev-master": "3.0.x-dev"
                },
                "config-plugin": {
                    "tests": [
                        "$web",
                        "config/tests.php"
                    ]
                }
            },
            "autoload": {
                "psr-4": {
                    "yii\\view\\": "src/view",
                    "yii\\widgets\\": "src/widgets"
                }
            },
            "notification-url": "https://packagist.org/downloads/",
            "license": [
                "BSD-3-Clause"
            ],
            "authors": [
                {
                    "name": "Qiang Xue",
                    "email": "qiang.xue@gmail.com",
                    "homepage": "http://www.yiiframework.com/",
                    "role": "Founder and project lead"
                },
                {
                    "name": "Alexander Makarov",
                    "email": "sam@rmcreative.ru",
                    "homepage": "http://rmcreative.ru/",
                    "role": "Core framework development"
                },
                {
                    "name": "Maurizio Domba",
                    "homepage": "http://mdomba.info/",
                    "role": "Core framework development"
                },
                {
                    "name": "Carsten Brandt",
                    "email": "mail@cebe.cc",
                    "homepage": "http://cebe.cc/",
                    "role": "Core framework development"
                },
                {
                    "name": "Timur Ruziev",
                    "email": "resurtm@gmail.com",
                    "homepage": "http://resurtm.com/",
                    "role": "Core framework development"
                },
                {
                    "name": "Paul Klimov",
                    "email": "klimov.paul@gmail.com",
                    "role": "Core framework development"
                },
                {
                    "name": "Dmitry Naumenko",
                    "email": "d.naumenko.a@gmail.com",
                    "role": "Core framework development"
                },
                {
                    "name": "Boudewijn Vahrmeijer",
                    "email": "info@dynasource.eu",
                    "homepage": "http://dynasource.eu",
                    "role": "Core framework development"
                }
            ],
            "description": "Yii View Rendering Library",
            "homepage": "http://www.yiiframework.com/",
            "keywords": [
                "view",
                "yii"
            ],
            "time": "2018-10-08T09:23:10+00:00"
        },
        {
            "name": "yiisoft/yii-console",
            "version": "dev-master",
            "source": {
                "type": "git",
                "url": "https://github.com/yiisoft/yii-console.git",
                "reference": "56ce5310d1febf3884529141146e4b6fd5eeae3a"
            },
            "dist": {
                "type": "zip",
                "url": "https://api.github.com/repos/yiisoft/yii-console/zipball/56ce5310d1febf3884529141146e4b6fd5eeae3a",
                "reference": "56ce5310d1febf3884529141146e4b6fd5eeae3a",
                "shasum": ""
            },
            "require": {
                "yiisoft/yii-core": "^3.0@dev"
            },
            "require-dev": {
                "cebe/markdown": "^1.2",
                "hiqdev/composer-config-plugin": "^1.0@dev",
                "yiisoft/cache": "^3.0@dev",
                "yiisoft/db": "^3.0@dev",
                "yiisoft/db-mysql": "^3.0@dev",
                "yiisoft/db-sqlite": "^3.0@dev",
                "yiisoft/di": "^3.0@dev",
                "yiisoft/log": "^3.0@dev",
                "yiisoft/view": "^3.0@dev",
                "yiisoft/yii-web": "^3.0@dev"
            },
            "bin": [
                "bin/yii"
            ],
            "type": "library",
            "extra": {
                "branch-alias": {
                    "dev-master": "3.0.x-dev"
                },
                "config-plugin": {
                    "params": "config/params.php",
                    "console": "config/console.php",
                    "tests": [
                        "$console"
                    ]
                }
            },
            "autoload": {
                "psr-4": {
                    "yii\\console\\": "src"
                }
            },
            "notification-url": "https://packagist.org/downloads/",
            "license": [
                "BSD-3-Clause"
            ],
            "authors": [
                {
                    "name": "Qiang Xue",
                    "email": "qiang.xue@gmail.com",
                    "homepage": "http://www.yiiframework.com/",
                    "role": "Founder and project lead"
                },
                {
                    "name": "Alexander Makarov",
                    "email": "sam@rmcreative.ru",
                    "homepage": "http://rmcreative.ru/",
                    "role": "Core framework development"
                },
                {
                    "name": "Maurizio Domba",
                    "homepage": "http://mdomba.info/",
                    "role": "Core framework development"
                },
                {
                    "name": "Carsten Brandt",
                    "email": "mail@cebe.cc",
                    "homepage": "http://cebe.cc/",
                    "role": "Core framework development"
                },
                {
                    "name": "Timur Ruziev",
                    "email": "resurtm@gmail.com",
                    "homepage": "http://resurtm.com/",
                    "role": "Core framework development"
                },
                {
                    "name": "Paul Klimov",
                    "email": "klimov.paul@gmail.com",
                    "role": "Core framework development"
                },
                {
                    "name": "Dmitry Naumenko",
                    "email": "d.naumenko.a@gmail.com",
                    "role": "Core framework development"
                },
                {
                    "name": "Boudewijn Vahrmeijer",
                    "email": "info@dynasource.eu",
                    "homepage": "http://dynasource.eu",
                    "role": "Core framework development"
                }
            ],
            "description": "Yii Framework Console Extension",
            "homepage": "http://www.yiiframework.com/",
            "keywords": [
                "console",
                "yii"
            ],
            "time": "2018-10-21T17:19:32+00:00"
        },
        {
            "name": "yiisoft/yii-core",
            "version": "dev-master",
            "source": {
                "type": "git",
                "url": "https://github.com/yiisoft/yii-core.git",
                "reference": "2cddb7558e1d6180f48bd6ef9fb73c806ab46e95"
            },
            "dist": {
                "type": "zip",
                "url": "https://api.github.com/repos/yiisoft/yii-core/zipball/2cddb7558e1d6180f48bd6ef9fb73c806ab46e95",
                "reference": "2cddb7558e1d6180f48bd6ef9fb73c806ab46e95",
                "shasum": ""
            },
            "require": {
                "ext-ctype": "*",
                "ext-mbstring": "*",
                "lib-pcre": "*",
                "php": ">=7.1.0",
                "psr/container-implementation": "^1.0",
                "psr/log-implementation": "^1.0",
                "psr/simple-cache-implementation": "^1.0"
            },
            "conflict": {
                "yiisoft/yii2": "*",
                "yiisoft/yii2-dev": "*"
            },
            "require-dev": {
                "ezyang/htmlpurifier": "^4.6",
                "hiqdev/composer-config-plugin": "^1.0@dev",
                "phpunit/phpunit": "^7.2",
                "yiisoft/cache": "^3.0@dev",
                "yiisoft/db": "^3.0@dev",
                "yiisoft/db-sqlite": "^3.0@dev",
                "yiisoft/di": "^3.0@dev",
                "yiisoft/log": "^3.0@dev",
                "yiisoft/view": "^3.0@dev",
                "yiisoft/yii-console": "^3.0@dev",
                "yiisoft/yii-web": "^3.0@dev"
            },
            "suggest": {
                "ext-intl": "Required for advanced i18n",
                "ezyang/htmlpurifier": "Version '^4.6' is required at 'yii\\helpers\\HtmlPurifier' for 'html' data format support (e.g. 'yii\\i18n\\Formatter:asHtml()' and 'yii\\helpers\\StringHelper::truncateHtml()')",
                "yiisoft/cache": "Caching implementation",
                "yiisoft/db": "Required for i18n DbMessageSource",
                "yiisoft/di": "DI container implementation",
                "yiisoft/log": "Logging implementation"
            },
            "type": "library",
            "extra": {
                "branch-alias": {
                    "dev-master": "3.0.x-dev"
                },
                "config-plugin": {
                    "defines": "config/defines.php",
                    "params": "config/params.php",
                    "common": "config/common.php",
                    "console": "$common",
                    "web": "$common",
                    "tests": [
                        "$console",
                        "config/tests.php"
                    ]
                }
            },
            "autoload": {
                "psr-4": {
                    "yii\\": "src",
                    "yii\\tests\\": "tests"
                }
            },
            "notification-url": "https://packagist.org/downloads/",
            "license": [
                "BSD-3-Clause"
            ],
            "authors": [
                {
                    "name": "Qiang Xue",
                    "email": "qiang.xue@gmail.com",
                    "homepage": "http://www.yiiframework.com/",
                    "role": "Founder and project lead"
                },
                {
                    "name": "Alexander Makarov",
                    "email": "sam@rmcreative.ru",
                    "homepage": "http://rmcreative.ru/",
                    "role": "Core framework development"
                },
                {
                    "name": "Maurizio Domba",
                    "homepage": "http://mdomba.info/",
                    "role": "Core framework development"
                },
                {
                    "name": "Carsten Brandt",
                    "email": "mail@cebe.cc",
                    "homepage": "http://cebe.cc/",
                    "role": "Core framework development"
                },
                {
                    "name": "Timur Ruziev",
                    "email": "resurtm@gmail.com",
                    "homepage": "http://resurtm.com/",
                    "role": "Core framework development"
                },
                {
                    "name": "Paul Klimov",
                    "email": "klimov.paul@gmail.com",
                    "role": "Core framework development"
                },
                {
                    "name": "Dmitry Naumenko",
                    "email": "d.naumenko.a@gmail.com",
                    "role": "Core framework development"
                },
                {
                    "name": "Boudewijn Vahrmeijer",
                    "email": "info@dynasource.eu",
                    "homepage": "http://dynasource.eu",
                    "role": "Core framework development"
                }
            ],
            "description": "Yii Framework Core",
            "homepage": "http://www.yiiframework.com/",
            "keywords": [
                "framework",
                "yii"
            ],
            "time": "2018-10-21T17:21:12+00:00"
        },
        {
            "name": "yiisoft/yii-web",
            "version": "dev-master",
            "source": {
                "type": "git",
                "url": "https://github.com/yiisoft/yii-web.git",
                "reference": "9fcfc5f24fec3cf6f0e6b4d04349263b1db4e277"
            },
            "dist": {
                "type": "zip",
                "url": "https://api.github.com/repos/yiisoft/yii-web/zipball/9fcfc5f24fec3cf6f0e6b4d04349263b1db4e277",
                "reference": "9fcfc5f24fec3cf6f0e6b4d04349263b1db4e277",
                "shasum": ""
            },
            "require": {
                "psr/http-message": "^1.0",
                "yiisoft/view": "^3.0@dev",
                "yiisoft/yii-core": "^3.0@dev"
            },
            "provide": {
                "psr/http-message-implementation": "1.0"
            },
            "require-dev": {
                "cebe/indent": "~1.0.2",
                "ezyang/htmlpurifier": "~4.6",
                "friendsofphp/php-cs-fixer": "^2.2",
                "hiqdev/composer-config-plugin": "^1.0@dev",
                "phpunit/phpunit": "^7.3",
                "yiisoft/cache": "^3.0@dev",
                "yiisoft/di": "^3.0@dev",
                "yiisoft/log": "^3.0@dev",
                "yiisoft/rbac": "^3.0@dev"
            },
            "suggest": {
                "yiisoft/yii2-coding-standards": "you can use this package to check for code style issues when contributing to yii"
            },
            "type": "library",
            "extra": {
                "branch-alias": {
                    "dev-master": "3.0.x-dev"
                },
                "config-plugin": {
                    "params": "config/params.php",
                    "web": "config/web.php",
                    "tests": "$web"
                }
            },
            "autoload": {
                "psr-4": {
                    "yii\\web\\": "src",
                    "yii\\web\\tests\\": "tests"
                }
            },
            "notification-url": "https://packagist.org/downloads/",
            "license": [
                "BSD-3-Clause"
            ],
            "authors": [
                {
                    "name": "Qiang Xue",
                    "email": "qiang.xue@gmail.com",
                    "homepage": "http://www.yiiframework.com/",
                    "role": "Founder and project lead"
                },
                {
                    "name": "Alexander Makarov",
                    "email": "sam@rmcreative.ru",
                    "homepage": "http://rmcreative.ru/",
                    "role": "Core framework development"
                },
                {
                    "name": "Maurizio Domba",
                    "homepage": "http://mdomba.info/",
                    "role": "Core framework development"
                },
                {
                    "name": "Carsten Brandt",
                    "email": "mail@cebe.cc",
                    "homepage": "http://cebe.cc/",
                    "role": "Core framework development"
                },
                {
                    "name": "Timur Ruziev",
                    "email": "resurtm@gmail.com",
                    "homepage": "http://resurtm.com/",
                    "role": "Core framework development"
                },
                {
                    "name": "Paul Klimov",
                    "email": "klimov.paul@gmail.com",
                    "role": "Core framework development"
                },
                {
                    "name": "Dmitry Naumenko",
                    "email": "d.naumenko.a@gmail.com",
                    "role": "Core framework development"
                },
                {
                    "name": "Boudewijn Vahrmeijer",
                    "email": "info@dynasource.eu",
                    "homepage": "http://dynasource.eu",
                    "role": "Core framework development"
                }
            ],
            "description": "Yii Framework Web Extension",
            "homepage": "http://www.yiiframework.com/",
            "keywords": [
                "framework",
                "yii"
            ],
            "time": "2018-10-19T22:02:20+00:00"
        }
    ],
    "aliases": [],
    "minimum-stability": "stable",
    "stability-flags": {
        "yiisoft/db": 20,
        "yiisoft/yii-core": 20,
        "yiisoft/yii-web": 20,
        "yiisoft/yii-console": 20,
        "yiisoft/active-record": 20,
        "yiisoft/db-sqlite": 20,
        "yiisoft/cache": 20,
        "yiisoft/view": 20,
        "yiisoft/di": 20,
        "yiisoft/log": 20,
        "hiqdev/composer-config-plugin": 20
    },
    "prefer-stable": false,
    "prefer-lowest": false,
    "platform": [],
    "platform-dev": []
}
